
Microsoft Visual Studio Solution File, Format Version 12.00
# Visual Studio 2013
VisualStudioVersion = 12.0.40629.0
MinimumVisualStudioVersion = 10.0.40219.1
Project("{FAE04EC0-301F-11D3-BF4B-00C04F79EFBC}") = "HardwareSignalsLibrary", "HardwareSignalsLibrary\HardwareSignalsLibrary.csproj", "{561C2FDF-84BE-4238-9519-8FBEF7A8F218}"
EndProject
Project("{FAE04EC0-301F-11D3-BF4B-00C04F79EFBC}") = "Univ_ControlWrapper", "Univ_ControlWrapper\Univ_ControlWrapper.csproj", "{36650176-4AC9-4296-904E-E7B7840CAE3F}"
EndProject
Project("{FAE04EC0-301F-11D3-BF4B-00C04F79EFBC}") = "HardwareSignalsInterceptor", "HardwareSignalsInterceptor\HardwareSignalsInterceptor.csproj", "{C9DBCFE9-85A3-4227-B439-EE2CED7675D7}"
EndProject
Project("{FAE04EC0-301F-11D3-BF4B-00C04F79EFBC}") = "CommonLibraries", "CommonLibraries\CommonLibraries.csproj", "{4D216953-3A23-4778-97CB-272E34D60888}"
EndProject
Project("{FAE04EC0-301F-11D3-BF4B-00C04F79EFBC}") = "ConsoleApplication1", "ConsoleApplication1\ConsoleApplication1.csproj", "{34A71425-3DAB-4B55-915F-B3C92F38F307}"
EndProject
Project("{2150E333-8FDC-42A3-9474-1A3956D46DE8}") = "VFWLibrary", "VFWLibrary", "{1B64268F-E97C-4553-A70F-67BBC39A6E05}"
EndProject
Project("{FAE04EC0-301F-11D3-BF4B-00C04F79EFBC}") = "VFWEditor", "VFWLibrary\VFWEditor\VFWEditor.csproj", "{6AEB9EE8-E96D-4FED-9A09-C0A6DEEA401E}"
EndProject
Project("{FAE04EC0-301F-11D3-BF4B-00C04F79EFBC}") = "VFW", "VFWLibrary\VFW\VFW.csproj", "{19197553-BE51-4850-B591-FDC2C2C49B49}"
EndProject
Global
	GlobalSection(SolutionConfigurationPlatforms) = preSolution
		Debug|Any CPU = Debug|Any CPU
		Release|Any CPU = Release|Any CPU
	EndGlobalSection
	GlobalSection(ProjectConfigurationPlatforms) = postSolution
		{561C2FDF-84BE-4238-9519-8FBEF7A8F218}.Debug|Any CPU.ActiveCfg = Debug|Any CPU
		{561C2FDF-84BE-4238-9519-8FBEF7A8F218}.Debug|Any CPU.Build.0 = Debug|Any CPU
		{561C2FDF-84BE-4238-9519-8FBEF7A8F218}.Release|Any CPU.ActiveCfg = Release|Any CPU
		{561C2FDF-84BE-4238-9519-8FBEF7A8F218}.Release|Any CPU.Build.0 = Release|Any CPU
		{36650176-4AC9-4296-904E-E7B7840CAE3F}.Debug|Any CPU.ActiveCfg = Debug|Any CPU
		{36650176-4AC9-4296-904E-E7B7840CAE3F}.Debug|Any CPU.Build.0 = Debug|Any CPU
		{36650176-4AC9-4296-904E-E7B7840CAE3F}.Release|Any CPU.ActiveCfg = Release|Any CPU
		{36650176-4AC9-4296-904E-E7B7840CAE3F}.Release|Any CPU.Build.0 = Release|Any CPU
		{C9DBCFE9-85A3-4227-B439-EE2CED7675D7}.Debug|Any CPU.ActiveCfg = Debug|Any CPU
		{C9DBCFE9-85A3-4227-B439-EE2CED7675D7}.Debug|Any CPU.Build.0 = Debug|Any CPU
		{C9DBCFE9-85A3-4227-B439-EE2CED7675D7}.Release|Any CPU.ActiveCfg = Release|Any CPU
		{C9DBCFE9-85A3-4227-B439-EE2CED7675D7}.Release|Any CPU.Build.0 = Release|Any CPU
		{4D216953-3A23-4778-97CB-272E34D60888}.Debug|Any CPU.ActiveCfg = Debug|Any CPU
		{4D216953-3A23-4778-97CB-272E34D60888}.Debug|Any CPU.Build.0 = Debug|Any CPU
		{4D216953-3A23-4778-97CB-272E34D60888}.Release|Any CPU.ActiveCfg = Release|Any CPU
		{4D216953-3A23-4778-97CB-272E34D60888}.Release|Any CPU.Build.0 = Release|Any CPU
		{34A71425-3DAB-4B55-915F-B3C92F38F307}.Debug|Any CPU.ActiveCfg = Debug|Any CPU
		{34A71425-3DAB-4B55-915F-B3C92F38F307}.Debug|Any CPU.Build.0 = Debug|Any CPU
		{34A71425-3DAB-4B55-915F-B3C92F38F307}.Release|Any CPU.ActiveCfg = Release|Any CPU
		{34A71425-3DAB-4B55-915F-B3C92F38F307}.Release|Any CPU.Build.0 = Release|Any CPU
		{6AEB9EE8-E96D-4FED-9A09-C0A6DEEA401E}.Debug|Any CPU.ActiveCfg = Debug|Any CPU
		{6AEB9EE8-E96D-4FED-9A09-C0A6DEEA401E}.Debug|Any CPU.Build.0 = Debug|Any CPU
		{6AEB9EE8-E96D-4FED-9A09-C0A6DEEA401E}.Release|Any CPU.ActiveCfg = Release|Any CPU
		{6AEB9EE8-E96D-4FED-9A09-C0A6DEEA401E}.Release|Any CPU.Build.0 = Release|Any CPU
		{19197553-BE51-4850-B591-FDC2C2C49B49}.Debug|Any CPU.ActiveCfg = Debug|Any CPU
		{19197553-BE51-4850-B591-FDC2C2C49B49}.Debug|Any CPU.Build.0 = Debug|Any CPU
		{19197553-BE51-4850-B591-FDC2C2C49B49}.Release|Any CPU.ActiveCfg = Release|Any CPU
		{19197553-BE51-4850-B591-FDC2C2C49B49}.Release|Any CPU.Build.0 = Release|Any CPU
	EndGlobalSection
	GlobalSection(SolutionProperties) = preSolution
		HideSolutionNode = FALSE
	EndGlobalSection
	GlobalSection(NestedProjects) = preSolution
		{6AEB9EE8-E96D-4FED-9A09-C0A6DEEA401E} = {1B64268F-E97C-4553-A70F-67BBC39A6E05}
		{19197553-BE51-4850-B591-FDC2C2C49B49} = {1B64268F-E97C-4553-A70F-67BBC39A6E05}
	EndGlobalSection
EndGlobal
